
Microsoft Visual Studio Solution File, Format Version 12.00
# Visual Studio 15
VisualStudioVersion = 15.0.28307.757
MinimumVisualStudioVersion = 10.0.40219.1
Project("{8BC9CEB8-8B4A-11D0-8D11-00A0C91BC942}") = "MFCSOCKClientSample", "MFCSOCKClientSample\MFCSOCKClientSample.vcxproj", "{54D4F810-86FC-4DA1-8603-AF7520A86923}"
EndProject
Global
	GlobalSection(SolutionConfigurationPlatforms) = preSolution
		Debug|x64 = Debug|x64
		Debug|x86 = Debug|x86
		Release|x64 = Release|x64
		Release|x86 = Release|x86
	EndGlobalSection
	GlobalSection(ProjectConfigurationPlatforms) = postSolution
		{54D4F810-86FC-4DA1-8603-AF7520A86923}.Debug|x64.ActiveCfg = Debug|x64
		{54D4F810-86FC-4DA1-8603-AF7520A86923}.Debug|x64.Build.0 = Debug|x64
		{54D4F810-86FC-4DA1-8603-AF7520A86923}.Debug|x86.ActiveCfg = Debug|Win32
		{54D4F810-86FC-4DA1-8603-AF7520A86923}.Debug|x86.Build.0 = Debug|Win32
		{54D4F810-86FC-4DA1-8603-AF7520A86923}.Release|x64.ActiveCfg = Release|x64
		{54D4F810-86FC-4DA1-8603-AF7520A86923}.Release|x64.Build.0 = Release|x64
		{54D4F810-86FC-4DA1-8603-AF7520A86923}.Release|x86.ActiveCfg = Release|Win32
		{54D4F810-86FC-4DA1-8603-AF7520A86923}.Release|x86.Build.0 = Release|Win32
	EndGlobalSection
	GlobalSection(SolutionProperties) = preSolution
		HideSolutionNode = FALSE
	EndGlobalSection
	GlobalSection(ExtensibilityGlobals) = postSolution
		SolutionGuid = {DCBFE217-E43B-4F24-9A9C-AE9E5DC15C5B}
	EndGlobalSection
EndGlobal
